# This file is autogenerated, do not edit; changes may be undone by the next 'dep ensure'.


[[projects]]
  digest = "1:c7c0254deb3d608cf6ad6603bf9f283d5ccec07b9fb821a7dee0620532a05167"
  name = "github.com/brocaar/loraserver"
  packages = ["models"]
  pruneopts = "UT"
  revision = "ab842a7785977f84f2d3969e2a16d1145c263c76"
  version = "0.11.0"

[[projects]]
  digest = "1:b0d1944be4baaa65c713bccf45fb501405496a4ada9ca028b186cc82d60dc975"
  name = "github.com/brocaar/lorawan"
  packages = [
    ".",
    "band",
  ]
  pruneopts = "UT"
  revision = "493811893ace2e3e4db4bb8e402ce28b72a04198"

[[projects]]
  digest = "1:c7ef450ce524bfedf786e327f484d4d63aaead33931d1cfafa550715d3e7c2dc"
  name = "github.com/coreos/go-systemd"
  packages = [
    "daemon",
    "journal",
  ]
  pruneopts = "UT"
  revision = "9002847aa1425fb6ac49077c0a630b3b67e0fbfd"
  version = "v18"

[[projects]]
  digest = "1:184008c955d6a3226b700c13ed0e875a7a051a759618f9bccba9b5c99f17faa5"
  name = "github.com/eclipse/paho.mqtt.golang"
  packages = [
    ".",
    "packets",
  ]
  pruneopts = "UT"
  revision = "36d01c2b4cbeb3d2a12063e4880ce30800af9560"
  version = "v1.1.1"

[[projects]]
  branch = "master"
  digest = "1:3fb07f8e222402962fa190eb060608b34eddfb64562a18e2167df2de0ece85d8"
  name = "github.com/golang/groupcache"
  packages = ["lru"]
  pruneopts = "UT"
  revision = "24b0969c4cb722950103eed87108c8d291a8df00"

[[projects]]
  digest = "1:db71ee03c191f7f07cb8840e8072bfdef25248108d52d2c529cabb9f0f76a5ae"
  name = "github.com/jacobsa/crypto"
  packages = [
    "cmac",
    "common",
  ]
  pruneopts = "UT"
  revision = "293ce0c192fb4f59cd879b46544922b9ed09a13a"

[[projects]]
  digest = "1:c5b8c1ad938bbcb8dfc2797425c9b9b74b86e7fbd8e7b4d9284ce98748364950"
  name = "github.com/openchirp/framework"
  packages = [
    ".",
    "rest",
  ]
  pruneopts = "UT"
  revision = "59b32f17b56d1d5a6f945e2b162f86337eda2cb8"
  version = "v1.0"

[[projects]]
  digest = "1:9e9193aa51197513b3abcb108970d831fbcf40ef96aa845c4f03276e1fa316d2"
  name = "github.com/sirupsen/logrus"
  packages = ["."]
  pruneopts = "UT"
  revision = "c155da19408a8799da419ed3eeb0cb5db0ad5dbc"
  version = "v1.0.5"

[[projects]]
  digest = "1:b24d38b282bacf9791408a080f606370efa3d364e4b5fd9ba0f7b87786d3b679"
  name = "github.com/urfave/cli"
  packages = ["."]
  pruneopts = "UT"
  revision = "cfb38830724cc34fedffe9a2a29fb54fa9169cd1"
  version = "v1.20.0"

[[projects]]
  branch = "master"
  digest = "1:f11d7335245ee25607d939cd530b63526304aa183f2041837fa448265be9dd87"
  name = "github.com/wercker/journalhook"
  packages = ["."]
  pruneopts = "UT"
  revision = "5d0a5ae867b354cbbbd2a9ab8d66b4f96cfaa741"

[[projects]]
  branch = "master"
  digest = "1:3f3a05ae0b95893d90b9b3b5afdb79a9b3d96e4e36e099d841ae602e4aca0da8"
  name = "golang.org/x/crypto"
  packages = ["ssh/terminal"]
  pruneopts = "UT"
  revision = "a2144134853fc9a27a7b1e3eb4f19f1a76df13c9"

[[projects]]
  branch = "master"
  digest = "1:ece338c951f4410f9ea21b56ea12f933ffb085672fe868ab57254d1536f384f7"
  name = "golang.org/x/net"
  packages = [
    "internal/socks",
    "proxy",
    "websocket",
  ]
  pruneopts = "UT"
  revision = "8887df42c721e930089d31b28391090a10a497d7"

[[projects]]
  branch = "master"
  digest = "1:3364d01296ce7eeca363e3d530ae63a2092d6f8efb85fb3d101e8f6d7de83452"
  name = "golang.org/x/sys"
  packages = [
    "unix",
    "windows",
  ]
  pruneopts = "UT"
  revision = "ac767d655b305d4e9612f5f6e33120b9176c4ad4"

[solve-meta]
  analyzer-name = "dep"
  analyzer-version = 1
  input-imports = [
    "github.com/brocaar/loraserver/models",
    "github.com/brocaar/lorawan",
    "github.com/coreos/go-systemd/daemon",
    "github.com/eclipse/paho.mqtt.golang",
    "github.com/openchirp/framework",
    "github.com/sirupsen/logrus",
    "github.com/urfave/cli",
    "github.com/wercker/journalhook",
  ]
  solver-name = "gps-cdcl"
  solver-version = 1
