# This file is autogenerated, do not edit; changes may be undone by the next 'dep ensure'.


[[projects]]
  digest = "1:c7c0254deb3d608cf6ad6603bf9f283d5ccec07b9fb821a7dee0620532a05167"
  name = "github.com/brocaar/loraserver"
  packages = ["models"]
  pruneopts = "UT"
  revision = "ab842a7785977f84f2d3969e2a16d1145c263c76"
  version = "0.11.0"

[[projects]]
  branch = "master"
  digest = "1:589dcde08c0ec6d1173da854ab31915e8d808504ba25cf31ea44b0d2ff8c3773"
  name = "github.com/brocaar/lorawan"
  packages = [
    ".",
    "band",
  ]
  pruneopts = "UT"
  revision = "18588db1582cee6be25d20fad37bf091a78580e4"

[[projects]]
  digest = "1:c7ef450ce524bfedf786e327f484d4d63aaead33931d1cfafa550715d3e7c2dc"
  name = "github.com/coreos/go-systemd"
  packages = [
    "daemon",
    "journal",
  ]
  pruneopts = "UT"
  revision = "9002847aa1425fb6ac49077c0a630b3b67e0fbfd"
  version = "v18"

[[projects]]
  digest = "1:184008c955d6a3226b700c13ed0e875a7a051a759618f9bccba9b5c99f17faa5"
  name = "github.com/eclipse/paho.mqtt.golang"
  packages = [
    ".",
    "packets",
  ]
  pruneopts = "UT"
  revision = "36d01c2b4cbeb3d2a12063e4880ce30800af9560"
  version = "v1.1.1"

[[projects]]
  branch = "master"
  digest = "1:3fb07f8e222402962fa190eb060608b34eddfb64562a18e2167df2de0ece85d8"
  name = "github.com/golang/groupcache"
  packages = ["lru"]
  pruneopts = "UT"
  revision = "c65c006176ff7ff98bb916961c7abbc6b0afc0aa"

[[projects]]
  branch = "master"
  digest = "1:c231cdb133bc5f7267b07770e84ad6a0007bb26e99a97a7d1d6b20dd25913551"
  name = "github.com/jacobsa/crypto"
  packages = [
    "cmac",
    "common",
  ]
  pruneopts = "UT"
  revision = "d95898ceee0769dac9bf74c46f8f68d3d3d79100"

[[projects]]
  digest = "1:0a69a1c0db3591fcefb47f115b224592c8dfa4368b7ba9fae509d5e16cdc95c8"
  name = "github.com/konsorten/go-windows-terminal-sequences"
  packages = ["."]
  pruneopts = "UT"
  revision = "5c8c8bd35d3832f5d134ae1e1e375b69a4d25242"
  version = "v1.0.1"

[[projects]]
  digest = "1:62d5b2ef1c6581f97c3ee6210ce5a8da196077c5be04175c02b539ecc7f0f406"
  name = "github.com/openchirp/framework"
  packages = [
    ".",
    "pubsub",
    "rest",
  ]
  pruneopts = "UT"
  revision = "cdaad003029612e522530bafc723a71634ee7d14"
  version = "v1.1"

[[projects]]
  digest = "1:69b1cc331fca23d702bd72f860c6a647afd0aa9fcbc1d0659b1365e26546dd70"
  name = "github.com/sirupsen/logrus"
  packages = ["."]
  pruneopts = "UT"
  revision = "bcd833dfe83d3cebad139e4a29ed79cb2318bf95"
  version = "v1.2.0"

[[projects]]
  digest = "1:b24d38b282bacf9791408a080f606370efa3d364e4b5fd9ba0f7b87786d3b679"
  name = "github.com/urfave/cli"
  packages = ["."]
  pruneopts = "UT"
  revision = "cfb38830724cc34fedffe9a2a29fb54fa9169cd1"
  version = "v1.20.0"

[[projects]]
  branch = "master"
  digest = "1:f11d7335245ee25607d939cd530b63526304aa183f2041837fa448265be9dd87"
  name = "github.com/wercker/journalhook"
  packages = ["."]
  pruneopts = "UT"
  revision = "5d0a5ae867b354cbbbd2a9ab8d66b4f96cfaa741"

[[projects]]
  branch = "master"
  digest = "1:3f3a05ae0b95893d90b9b3b5afdb79a9b3d96e4e36e099d841ae602e4aca0da8"
  name = "golang.org/x/crypto"
  packages = ["ssh/terminal"]
  pruneopts = "UT"
  revision = "4d3f4d9ffa16a13f451c3b2999e9c49e9750bf06"

[[projects]]
  branch = "master"
  digest = "1:50095e42352dba1c6ab2cec7e03b24fb4b513123f41d4ab4dbd2627c25fe18b8"
  name = "golang.org/x/net"
  packages = [
    "internal/socks",
    "proxy",
    "websocket",
  ]
  pruneopts = "UT"
  revision = "c10e9556a7bc0e7c942242b606f0acf024ad5d6a"

[[projects]]
  branch = "master"
  digest = "1:417d27a82efb8473554234a282be33d23b0d6adc121e636b55950f913ac071d6"
  name = "golang.org/x/sys"
  packages = [
    "unix",
    "windows",
  ]
  pruneopts = "UT"
  revision = "9b800f95dbbc54abff0acf7ee32d88ba4e328c89"

[solve-meta]
  analyzer-name = "dep"
  analyzer-version = 1
  input-imports = [
    "github.com/brocaar/loraserver/models",
    "github.com/brocaar/lorawan",
    "github.com/coreos/go-systemd/daemon",
    "github.com/openchirp/framework",
    "github.com/openchirp/framework/pubsub",
    "github.com/sirupsen/logrus",
    "github.com/urfave/cli",
    "github.com/wercker/journalhook",
  ]
  solver-name = "gps-cdcl"
  solver-version = 1
