# This file is autogenerated, do not edit; changes may be undone by the next 'dep ensure'.


[[projects]]
  digest = "1:c7c0254deb3d608cf6ad6603bf9f283d5ccec07b9fb821a7dee0620532a05167"
  name = "github.com/brocaar/loraserver"
  packages = ["models"]
  pruneopts = "UT"
  revision = "ab842a7785977f84f2d3969e2a16d1145c263c76"
  version = "0.11.0"

[[projects]]
  digest = "1:c829d6b60e09c9bb8cd40dfbef0db8153a7476984e7a8742fc6a87d198359d25"
  name = "github.com/brocaar/lorawan"
  packages = [
    ".",
    "band",
  ]
  pruneopts = "UT"
  revision = "493811893ace2e3e4db4bb8e402ce28b72a04198"

[[projects]]
  digest = "1:4c61673d6ba5cb8d910c62f8174a5ace21be59e80fff66d9de38d931944fa2a1"
  name = "github.com/eclipse/paho.mqtt.golang"
  packages = [
    ".",
    "packets",
  ]
  pruneopts = "UT"
  revision = "36d01c2b4cbeb3d2a12063e4880ce30800af9560"
  version = "v1.1.1"

[[projects]]
  branch = "master"
  digest = "1:3fb07f8e222402962fa190eb060608b34eddfb64562a18e2167df2de0ece85d8"
  name = "github.com/golang/groupcache"
  packages = ["lru"]
  pruneopts = "UT"
  revision = "24b0969c4cb722950103eed87108c8d291a8df00"

[[projects]]
  digest = "1:489536052bc7744088c06ea72c3167a1adccfa206056489700daecafdad26a26"
  name = "github.com/jacobsa/crypto"
  packages = [
    "cmac",
    "common",
  ]
  pruneopts = "UT"
  revision = "293ce0c192fb4f59cd879b46544922b9ed09a13a"

[[projects]]
  digest = "1:cfa404e70520047cedae17575a36be97210aa9ae27b3263ecb1fa6d1d3efc31c"
  name = "github.com/openchirp/framework"
  packages = [
    ".",
    "rest",
  ]
  pruneopts = "UT"
  revision = "59b32f17b56d1d5a6f945e2b162f86337eda2cb8"
  version = "v1.0"

[[projects]]
  digest = "1:9e9193aa51197513b3abcb108970d831fbcf40ef96aa845c4f03276e1fa316d2"
  name = "github.com/sirupsen/logrus"
  packages = ["."]
  pruneopts = "UT"
  revision = "c155da19408a8799da419ed3eeb0cb5db0ad5dbc"
  version = "v1.0.5"

[[projects]]
  branch = "master"
  digest = "1:3f3a05ae0b95893d90b9b3b5afdb79a9b3d96e4e36e099d841ae602e4aca0da8"
  name = "golang.org/x/crypto"
  packages = ["ssh/terminal"]
  pruneopts = "UT"
  revision = "a2144134853fc9a27a7b1e3eb4f19f1a76df13c9"

[[projects]]
  branch = "master"
  digest = "1:a2af876d64fe10b0c29c9d5a959ad73c017e8c6723e5dc8272adf8baca1baae8"
  name = "golang.org/x/net"
  packages = [
    "internal/socks",
    "proxy",
    "websocket",
  ]
  pruneopts = "UT"
  revision = "8887df42c721e930089d31b28391090a10a497d7"

[[projects]]
  branch = "master"
  digest = "1:72d6244a51be9611f08994aca19677fcc31676b3e7b742c37e129e6ece4ad8fc"
  name = "golang.org/x/sys"
  packages = [
    "unix",
    "windows",
  ]
  pruneopts = "UT"
  revision = "ac767d655b305d4e9612f5f6e33120b9176c4ad4"

[solve-meta]
  analyzer-name = "dep"
  analyzer-version = 1
  input-imports = [
    "github.com/brocaar/loraserver/models",
    "github.com/brocaar/lorawan",
    "github.com/eclipse/paho.mqtt.golang",
    "github.com/openchirp/framework",
    "github.com/sirupsen/logrus",
  ]
  solver-name = "gps-cdcl"
  solver-version = 1
